
Microsoft Visual Studio Solution File, Format Version 12.00
# Visual Studio Version 16
VisualStudioVersion = 16.0.30621.155
MinimumVisualStudioVersion = 10.0.40219.1
Project("{FAE04EC0-301F-11D3-BF4B-00C04F79EFBC}") = "BackendServicesRaspberryPi", "BackendServicesRaspberryPi.csproj", "{0188011A-3DBA-43C4-8033-A6DEF0D895B2}"
EndProject
Global
	GlobalSection(SolutionConfigurationPlatforms) = preSolution
		Debug|Any CPU = Debug|Any CPU
		Release|Any CPU = Release|Any CPU
	EndGlobalSection
	GlobalSection(ProjectConfigurationPlatforms) = postSolution
		{0188011A-3DBA-43C4-8033-A6DEF0D895B2}.Debug|Any CPU.ActiveCfg = Debug|Any CPU
		{0188011A-3DBA-43C4-8033-A6DEF0D895B2}.Debug|Any CPU.Build.0 = Debug|Any CPU
		{0188011A-3DBA-43C4-8033-A6DEF0D895B2}.Release|Any CPU.ActiveCfg = Release|Any CPU
		{0188011A-3DBA-43C4-8033-A6DEF0D895B2}.Release|Any CPU.Build.0 = Release|Any CPU
	EndGlobalSection
	GlobalSection(SolutionProperties) = preSolution
		HideSolutionNode = FALSE
	EndGlobalSection
	GlobalSection(ExtensibilityGlobals) = postSolution
		SolutionGuid = {7A9B495A-9075-406E-8E77-65A5A6629D46}
	EndGlobalSection
EndGlobal
